{
  "name": "portfolio",
  "version": "1.0.0",
  "lockfileVersion": 2,
  "requires": true,
  "packages": {
    "": {
      "name": "portfolio",
      "version": "1.0.0",
      "license": "ISC",
      "dependencies": {
        "bootstrap": "^5.0.0",
        "emailjs-com": "^3.1.0"
      }
    },
    "node_modules/bootstrap": {
      "version": "5.0.0",
      "resolved": "https://registry.npmjs.org/bootstrap/-/bootstrap-5.0.0.tgz",
      "integrity": "sha512-tmhPET9B9qCl8dCofvHeiIhi49iBt0EehmIsziZib65k1erBW1rHhj2s/2JsuQh5Pq+xz2E9bEbzp9B7xHG+VA=="
    },
    "node_modules/emailjs-com": {
      "version": "3.1.0",
      "resolved": "https://registry.npmjs.org/emailjs-com/-/emailjs-com-3.1.0.tgz",
      "integrity": "sha512-e6rs1F2wTl4vrsTXNNCUPK5cFfuPXYcKJlZgPtsThOidIp5dbgNS5SUrpnP3qxt9p5Om0lkFCVkmBi1a6hQFnw=="
    }
  },
  "dependencies": {
    "bootstrap": {
      "version": "5.0.0",
      "resolved": "https://registry.npmjs.org/bootstrap/-/bootstrap-5.0.0.tgz",
      "integrity": "sha512-tmhPET9B9qCl8dCofvHeiIhi49iBt0EehmIsziZib65k1erBW1rHhj2s/2JsuQh5Pq+xz2E9bEbzp9B7xHG+VA=="
    },
    "emailjs-com": {
      "version": "3.1.0",
      "resolved": "https://registry.npmjs.org/emailjs-com/-/emailjs-com-3.1.0.tgz",
      "integrity": "sha512-e6rs1F2wTl4vrsTXNNCUPK5cFfuPXYcKJlZgPtsThOidIp5dbgNS5SUrpnP3qxt9p5Om0lkFCVkmBi1a6hQFnw=="
    }
  }
}
